
Microsoft Visual Studio Solution File, Format Version 12.00
# Visual Studio Version 17
VisualStudioVersion = 17.10.35122.118
MinimumVisualStudioVersion = 10.0.40219.1
Project("{8BC9CEB8-8B4A-11D0-8D11-00A0C91BC942}") = "ms5", "ms5.vcxproj", "{FD449BCE-718A-44E9-8AEB-804559DEE1BF}"
EndProject
Global
	GlobalSection(SolutionConfigurationPlatforms) = preSolution
		Debug|x64 = Debug|x64
		Debug|x86 = Debug|x86
		Release|x64 = Release|x64
		Release|x86 = Release|x86
	EndGlobalSection
	GlobalSection(ProjectConfigurationPlatforms) = postSolution
		{FD449BCE-718A-44E9-8AEB-804559DEE1BF}.Debug|x64.ActiveCfg = Debug|x64
		{FD449BCE-718A-44E9-8AEB-804559DEE1BF}.Debug|x64.Build.0 = Debug|x64
		{FD449BCE-718A-44E9-8AEB-804559DEE1BF}.Debug|x86.ActiveCfg = Debug|Win32
		{FD449BCE-718A-44E9-8AEB-804559DEE1BF}.Debug|x86.Build.0 = Debug|Win32
		{FD449BCE-718A-44E9-8AEB-804559DEE1BF}.Release|x64.ActiveCfg = Release|x64
		{FD449BCE-718A-44E9-8AEB-804559DEE1BF}.Release|x64.Build.0 = Release|x64
		{FD449BCE-718A-44E9-8AEB-804559DEE1BF}.Release|x86.ActiveCfg = Release|Win32
		{FD449BCE-718A-44E9-8AEB-804559DEE1BF}.Release|x86.Build.0 = Release|Win32
	EndGlobalSection
	GlobalSection(SolutionProperties) = preSolution
		HideSolutionNode = FALSE
	EndGlobalSection
	GlobalSection(ExtensibilityGlobals) = postSolution
		SolutionGuid = {3F4BEEDD-8BFB-4D91-BA1E-EFB150B89FE5}
	EndGlobalSection
EndGlobal
